// !$*UTF8*$!
{
	archiveVersion = 1;
	classes = {
	};
	objectVersion = 46;
	objects = {

/* Begin PBXBuildFile section */
		48E1AAAA1900E3DA00F99781 /* CDV.h in Headers */ = {isa = PBXBuildFile; fileRef = 48E1AA7D1900E3DA00F99781 /* CDV.h */; settings = {ATTRIBUTES = (Public, ); }; };
		48E1AAAB1900E3DA00F99781 /* CDVAvailability.h in Headers */ = {isa = PBXBuildFile; fileRef = 48E1AA7E1900E3DA00F99781 /* CDVAvailability.h */; settings = {ATTRIBUTES = (Public, ); }; };
		48E1AAAC1900E3DA00F99781 /* CDVCommandDelegate.h in Headers */ = {isa = PBXBuildFile; fileRef = 48E1AA7F1900E3DA00F99781 /* CDVCommandDelegate.h */; settings = {ATTRIBUTES = (Public, ); }; };
		48E1AAAD1900E3DA00F99781 /* CDVCommandDelegateImpl.h in Headers */ = {isa = PBXBuildFile; fileRef = 48E1AA801900E3DA00F99781 /* CDVCommandDelegateImpl.h */; settings = {ATTRIBUTES = (Public, ); }; };
		48E1AAAE1900E3DA00F99781 /* CDVCommandDelegateImpl.m in Sources */ = {isa = PBXBuildFile; fileRef = 48E1AA811900E3DA00F99781 /* CDVCommandDelegateImpl.m */; };
		48E1AAAF1900E3DA00F99781 /* CDVCommandQueue.h in Headers */ = {isa = PBXBuildFile; fileRef = 48E1AA821900E3DA00F99781 /* CDVCommandQueue.h */; settings = {ATTRIBUTES = (Public, ); }; };
		48E1AAB01900E3DA00F99781 /* CDVCommandQueue.m in Sources */ = {isa = PBXBuildFile; fileRef = 48E1AA831900E3DA00F99781 /* CDVCommandQueue.m */; };
		48E1AAB11900E3DA00F99781 /* CDVConfigParser.h in Headers */ = {isa = PBXBuildFile; fileRef = 48E1AA841900E3DA00F99781 /* CDVConfigParser.h */; settings = {ATTRIBUTES = (Public, ); }; };
		48E1AAB21900E3DA00F99781 /* CDVConfigParser.m in Sources */ = {isa = PBXBuildFile; fileRef = 48E1AA851900E3DA00F99781 /* CDVConfigParser.m */; };
		48E1AAB31900E3DA00F99781 /* CDVDebug.h in Headers */ = {isa = PBXBuildFile; fileRef = 48E1AA861900E3DA00F99781 /* CDVDebug.h */; settings = {ATTRIBUTES = (Public, ); }; };
		48E1AAB41900E3DA00F99781 /* CDVInvokedUrlCommand.h in Headers */ = {isa = PBXBuildFile; fileRef = 48E1AA871900E3DA00F99781 /* CDVInvokedUrlCommand.h */; settings = {ATTRIBUTES = (Public, ); }; };
		48E1AAB51900E3DA00F99781 /* CDVInvokedUrlCommand.m in Sources */ = {isa = PBXBuildFile; fileRef = 48E1AA881900E3DA00F99781 /* CDVInvokedUrlCommand.m */; };
		48E1AAB61900E3DA00F99781 /* CDVJSON.h in Headers */ = {isa = PBXBuildFile; fileRef = 48E1AA891900E3DA00F99781 /* CDVJSON.h */; settings = {ATTRIBUTES = (Public, ); }; };
		48E1AAB71900E3DA00F99781 /* CDVJSON.m in Sources */ = {isa = PBXBuildFile; fileRef = 48E1AA8A1900E3DA00F99781 /* CDVJSON.m */; };
		48E1AAB81900E3DA00F99781 /* CDVLocalStorage.h in Headers */ = {isa = PBXBuildFile; fileRef = 48E1AA8B1900E3DA00F99781 /* CDVLocalStorage.h */; settings = {ATTRIBUTES = (Public, ); }; };
		48E1AAB91900E3DA00F99781 /* CDVLocalStorage.m in Sources */ = {isa = PBXBuildFile; fileRef = 48E1AA8C1900E3DA00F99781 /* CDVLocalStorage.m */; };
		48E1AABA1900E3DA00F99781 /* CDVPlugin.h in Headers */ = {isa = PBXBuildFile; fileRef = 48E1AA8D1900E3DA00F99781 /* CDVPlugin.h */; settings = {ATTRIBUTES = (Public, ); }; };
		48E1AABB1900E3DA00F99781 /* CDVPlugin.m in Sources */ = {isa = PBXBuildFile; fileRef = 48E1AA8E1900E3DA00F99781 /* CDVPlugin.m */; };
		48E1AABC1900E3DA00F99781 /* CDVPluginResult.h in Headers */ = {isa = PBXBuildFile; fileRef = 48E1AA8F1900E3DA00F99781 /* CDVPluginResult.h */; settings = {ATTRIBUTES = (Public, ); }; };
		48E1AABD1900E3DA00F99781 /* CDVPluginResult.m in Sources */ = {isa = PBXBuildFile; fileRef = 48E1AA901900E3DA00F99781 /* CDVPluginResult.m */; };
		48E1AABE1900E3DA00F99781 /* CDVScreenOrientationDelegate.h in Headers */ = {isa = PBXBuildFile; fileRef = 48E1AA911900E3DA00F99781 /* CDVScreenOrientationDelegate.h */; settings = {ATTRIBUTES = (Public, ); }; };
		48E1AABF1900E3DA00F99781 /* CDVShared.h in Headers */ = {isa = PBXBuildFile; fileRef = 48E1AA921900E3DA00F99781 /* CDVShared.h */; settings = {ATTRIBUTES = (Public, ); }; };
		48E1AAC11900E3DA00F99781 /* CDVTimer.h in Headers */ = {isa = PBXBuildFile; fileRef = 48E1AA941900E3DA00F99781 /* CDVTimer.h */; settings = {ATTRIBUTES = (Public, ); }; };
		48E1AAC21900E3DA00F99781 /* CDVTimer.m in Sources */ = {isa = PBXBuildFile; fileRef = 48E1AA951900E3DA00F99781 /* CDVTimer.m */; };
		48E1AAC31900E3DA00F99781 /* CDVURLProtocol.h in Headers */ = {isa = PBXBuildFile; fileRef = 48E1AA961900E3DA00F99781 /* CDVURLProtocol.h */; settings = {ATTRIBUTES = (Public, ); }; };
		48E1AAC41900E3DA00F99781 /* CDVURLProtocol.m in Sources */ = {isa = PBXBuildFile; fileRef = 48E1AA971900E3DA00F99781 /* CDVURLProtocol.m */; };
		48E1AAC51900E3DA00F99781 /* CDVUserAgentUtil.h in Headers */ = {isa = PBXBuildFile; fileRef = 48E1AA981900E3DA00F99781 /* CDVUserAgentUtil.h */; settings = {ATTRIBUTES = (Public, ); }; };
		48E1AAC61900E3DA00F99781 /* CDVUserAgentUtil.m in Sources */ = {isa = PBXBuildFile; fileRef = 48E1AA991900E3DA00F99781 /* CDVUserAgentUtil.m */; };
		48E1AAC71900E3DA00F99781 /* CDVViewController.h in Headers */ = {isa = PBXBuildFile; fileRef = 48E1AA9A1900E3DA00F99781 /* CDVViewController.h */; settings = {ATTRIBUTES = (Public, ); }; };
		48E1AAC81900E3DA00F99781 /* CDVViewController.m in Sources */ = {isa = PBXBuildFile; fileRef = 48E1AA9B1900E3DA00F99781 /* CDVViewController.m */; };
		48E1AAC91900E3DA00F99781 /* CDVWebViewDelegate.h in Headers */ = {isa = PBXBuildFile; fileRef = 48E1AA9C1900E3DA00F99781 /* CDVWebViewDelegate.h */; settings = {ATTRIBUTES = (Public, ); }; };
		48E1AACA1900E3DA00F99781 /* CDVWebViewDelegate.m in Sources */ = {isa = PBXBuildFile; fileRef = 48E1AA9D1900E3DA00F99781 /* CDVWebViewDelegate.m */; };
		48E1AACB1900E3DA00F99781 /* CDVWhitelist.h in Headers */ = {isa = PBXBuildFile; fileRef = 48E1AA9E1900E3DA00F99781 /* CDVWhitelist.h */; settings = {ATTRIBUTES = (Public, ); }; };
		48E1AACC1900E3DA00F99781 /* CDVWhitelist.m in Sources */ = {isa = PBXBuildFile; fileRef = 48E1AA9F1900E3DA00F99781 /* CDVWhitelist.m */; };
		48E1AACD1900E3DA00F99781 /* NSArray+Comparisons.h in Headers */ = {isa = PBXBuildFile; fileRef = 48E1AAA01900E3DA00F99781 /* NSArray+Comparisons.h */; settings = {ATTRIBUTES = (Public, ); }; };
		48E1AACE1900E3DA00F99781 /* NSArray+Comparisons.m in Sources */ = {isa = PBXBuildFile; fileRef = 48E1AAA11900E3DA00F99781 /* NSArray+Comparisons.m */; };
		48E1AACF1900E3DA00F99781 /* NSData+Base64.h in Headers */ = {isa = PBXBuildFile; fileRef = 48E1AAA21900E3DA00F99781 /* NSData+Base64.h */; settings = {ATTRIBUTES = (Public, ); }; };
		48E1AAD01900E3DA00F99781 /* NSData+Base64.m in Sources */ = {isa = PBXBuildFile; fileRef = 48E1AAA31900E3DA00F99781 /* NSData+Base64.m */; };
		48E1AAD11900E3DA00F99781 /* NSDictionary+Extensions.h in Headers */ = {isa = PBXBuildFile; fileRef = 48E1AAA41900E3DA00F99781 /* NSDictionary+Extensions.h */; settings = {ATTRIBUTES = (Public, ); }; };
		48E1AAD21900E3DA00F99781 /* NSDictionary+Extensions.m in Sources */ = {isa = PBXBuildFile; fileRef = 48E1AAA51900E3DA00F99781 /* NSDictionary+Extensions.m */; };
		48E1AAD31900E3DA00F99781 /* NSMutableArray+QueueAdditions.h in Headers */ = {isa = PBXBuildFile; fileRef = 48E1AAA61900E3DA00F99781 /* NSMutableArray+QueueAdditions.h */; settings = {ATTRIBUTES = (Public, ); }; };
		48E1AAD41900E3DA00F99781 /* NSMutableArray+QueueAdditions.m in Sources */ = {isa = PBXBuildFile; fileRef = 48E1AAA71900E3DA00F99781 /* NSMutableArray+QueueAdditions.m */; };
		48E1AAD51900E3DA00F99781 /* UIDevice+Extensions.h in Headers */ = {isa = PBXBuildFile; fileRef = 48E1AAA81900E3DA00F99781 /* UIDevice+Extensions.h */; settings = {ATTRIBUTES = (Public, ); }; };
		48E1AAD61900E3DA00F99781 /* UIDevice+Extensions.m in Sources */ = {isa = PBXBuildFile; fileRef = 48E1AAA91900E3DA00F99781 /* UIDevice+Extensions.m */; };
		48E1AB071900E6F300F99781 /* CDVAccelerometer.h in Headers */ = {isa = PBXBuildFile; fileRef = 48E1AAD81900E6F300F99781 /* CDVAccelerometer.h */; settings = {ATTRIBUTES = (Public, ); }; };
		48E1AB081900E6F300F99781 /* CDVAccelerometer.m in Sources */ = {isa = PBXBuildFile; fileRef = 48E1AAD91900E6F300F99781 /* CDVAccelerometer.m */; };
		48E1AB091900E6F300F99781 /* CDVAssetLibraryFilesystem.h in Headers */ = {isa = PBXBuildFile; fileRef = 48E1AADA1900E6F300F99781 /* CDVAssetLibraryFilesystem.h */; settings = {ATTRIBUTES = (Public, ); }; };
		48E1AB0A1900E6F300F99781 /* CDVAssetLibraryFilesystem.m in Sources */ = {isa = PBXBuildFile; fileRef = 48E1AADB1900E6F300F99781 /* CDVAssetLibraryFilesystem.m */; };
		48E1AB0B1900E6F300F99781 /* CDVBattery.h in Headers */ = {isa = PBXBuildFile; fileRef = 48E1AADC1900E6F300F99781 /* CDVBattery.h */; settings = {ATTRIBUTES = (Public, ); }; };
		48E1AB0C1900E6F300F99781 /* CDVBattery.m in Sources */ = {isa = PBXBuildFile; fileRef = 48E1AADD1900E6F300F99781 /* CDVBattery.m */; };
		48E1AB0D1900E6F300F99781 /* CDVCamera.h in Headers */ = {isa = PBXBuildFile; fileRef = 48E1AADE1900E6F300F99781 /* CDVCamera.h */; settings = {ATTRIBUTES = (Public, ); }; };
		48E1AB0E1900E6F300F99781 /* CDVCamera.m in Sources */ = {isa = PBXBuildFile; fileRef = 48E1AADF1900E6F300F99781 /* CDVCamera.m */; };
		48E1AB0F1900E6F300F99781 /* CDVCapture.h in Headers */ = {isa = PBXBuildFile; fileRef = 48E1AAE01900E6F300F99781 /* CDVCapture.h */; settings = {ATTRIBUTES = (Public, ); }; };
		48E1AB101900E6F300F99781 /* CDVCapture.m in Sources */ = {isa = PBXBuildFile; fileRef = 48E1AAE11900E6F300F99781 /* CDVCapture.m */; };
		48E1AB111900E6F300F99781 /* CDVCompass.h in Headers */ = {isa = PBXBuildFile; fileRef = 48E1AAE21900E6F300F99781 /* CDVCompass.h */; settings = {ATTRIBUTES = (Public, ); }; };
		48E1AB121900E6F300F99781 /* CDVCompass.m in Sources */ = {isa = PBXBuildFile; fileRef = 48E1AAE31900E6F300F99781 /* CDVCompass.m */; };
		48E1AB131900E6F300F99781 /* CDVConnection.h in Headers */ = {isa = PBXBuildFile; fileRef = 48E1AAE41900E6F300F99781 /* CDVConnection.h */; settings = {ATTRIBUTES = (Public, ); }; };
		48E1AB141900E6F300F99781 /* CDVConnection.m in Sources */ = {isa = PBXBuildFile; fileRef = 48E1AAE51900E6F300F99781 /* CDVConnection.m */; };
		48E1AB151900E6F300F99781 /* CDVContact.h in Headers */ = {isa = PBXBuildFile; fileRef = 48E1AAE61900E6F300F99781 /* CDVContact.h */; settings = {ATTRIBUTES = (Public, ); }; };
		48E1AB161900E6F300F99781 /* CDVContact.m in Sources */ = {isa = PBXBuildFile; fileRef = 48E1AAE71900E6F300F99781 /* CDVContact.m */; };
		48E1AB171900E6F300F99781 /* CDVContacts.h in Headers */ = {isa = PBXBuildFile; fileRef = 48E1AAE81900E6F300F99781 /* CDVContacts.h */; settings = {ATTRIBUTES = (Public, ); }; };
		48E1AB181900E6F300F99781 /* CDVContacts.m in Sources */ = {isa = PBXBuildFile; fileRef = 48E1AAE91900E6F300F99781 /* CDVContacts.m */; };
		48E1AB191900E6F300F99781 /* CDVDevice.h in Headers */ = {isa = PBXBuildFile; fileRef = 48E1AAEA1900E6F300F99781 /* CDVDevice.h */; settings = {ATTRIBUTES = (Public, ); }; };
		48E1AB1A1900E6F300F99781 /* CDVDevice.m in Sources */ = {isa = PBXBuildFile; fileRef = 48E1AAEB1900E6F300F99781 /* CDVDevice.m */; };
		48E1AB1B1900E6F300F99781 /* CDVExif.h in Headers */ = {isa = PBXBuildFile; fileRef = 48E1AAEC1900E6F300F99781 /* CDVExif.h */; settings = {ATTRIBUTES = (Public, ); }; };
		48E1AB1C1900E6F300F99781 /* CDVFile.h in Headers */ = {isa = PBXBuildFile; fileRef = 48E1AAED1900E6F300F99781 /* CDVFile.h */; settings = {ATTRIBUTES = (Public, ); }; };
		48E1AB1D1900E6F300F99781 /* CDVFile.m in Sources */ = {isa = PBXBuildFile; fileRef = 48E1AAEE1900E6F300F99781 /* CDVFile.m */; };
		48E1AB1E1900E6F300F99781 /* CDVFileTransfer.h in Headers */ = {isa = PBXBuildFile; fileRef = 48E1AAEF1900E6F300F99781 /* CDVFileTransfer.h */; settings = {ATTRIBUTES = (Public, ); }; };
		48E1AB1F1900E6F300F99781 /* CDVFileTransfer.m in Sources */ = {isa = PBXBuildFile; fileRef = 48E1AAF01900E6F300F99781 /* CDVFileTransfer.m */; };
		48E1AB201900E6F300F99781 /* CDVGlobalization.h in Headers */ = {isa = PBXBuildFile; fileRef = 48E1AAF11900E6F300F99781 /* CDVGlobalization.h */; settings = {ATTRIBUTES = (Public, ); }; };
		48E1AB211900E6F300F99781 /* CDVGlobalization.m in Sources */ = {isa = PBXBuildFile; fileRef = 48E1AAF21900E6F300F99781 /* CDVGlobalization.m */; };
		48E1AB221900E6F300F99781 /* CDVInAppBrowser.h in Headers */ = {isa = PBXBuildFile; fileRef = 48E1AAF31900E6F300F99781 /* CDVInAppBrowser.h */; settings = {ATTRIBUTES = (Public, ); }; };
		48E1AB231900E6F300F99781 /* CDVInAppBrowser.m in Sources */ = {isa = PBXBuildFile; fileRef = 48E1AAF41900E6F300F99781 /* CDVInAppBrowser.m */; };
		48E1AB241900E6F300F99781 /* CDVJpegHeaderWriter.h in Headers */ = {isa = PBXBuildFile; fileRef = 48E1AAF51900E6F300F99781 /* CDVJpegHeaderWriter.h */; settings = {ATTRIBUTES = (Public, ); }; };
		48E1AB251900E6F300F99781 /* CDVJpegHeaderWriter.m in Sources */ = {isa = PBXBuildFile; fileRef = 48E1AAF61900E6F300F99781 /* CDVJpegHeaderWriter.m */; };
		48E1AB261900E6F300F99781 /* CDVLocalFilesystem.h in Headers */ = {isa = PBXBuildFile; fileRef = 48E1AAF71900E6F300F99781 /* CDVLocalFilesystem.h */; settings = {ATTRIBUTES = (Public, ); }; };
		48E1AB271900E6F300F99781 /* CDVLocalFilesystem.m in Sources */ = {isa = PBXBuildFile; fileRef = 48E1AAF81900E6F300F99781 /* CDVLocalFilesystem.m */; };
		48E1AB281900E6F300F99781 /* CDVLocation.h in Headers */ = {isa = PBXBuildFile; fileRef = 48E1AAF91900E6F300F99781 /* CDVLocation.h */; settings = {ATTRIBUTES = (Public, ); }; };
		48E1AB291900E6F300F99781 /* CDVLocation.m in Sources */ = {isa = PBXBuildFile; fileRef = 48E1AAFA1900E6F300F99781 /* CDVLocation.m */; };
		48E1AB2A1900E6F300F99781 /* CDVLogger.h in Headers */ = {isa = PBXBuildFile; fileRef = 48E1AAFB1900E6F300F99781 /* CDVLogger.h */; settings = {ATTRIBUTES = (Public, ); }; };
		48E1AB2B1900E6F300F99781 /* CDVLogger.m in Sources */ = {isa = PBXBuildFile; fileRef = 48E1AAFC1900E6F300F99781 /* CDVLogger.m */; };
		48E1AB2C1900E6F300F99781 /* CDVNotification.h in Headers */ = {isa = PBXBuildFile; fileRef = 48E1AAFD1900E6F300F99781 /* CDVNotification.h */; settings = {ATTRIBUTES = (Public, ); }; };
		48E1AB2D1900E6F300F99781 /* CDVNotification.m in Sources */ = {isa = PBXBuildFile; fileRef = 48E1AAFE1900E6F300F99781 /* CDVNotification.m */; };
		48E1AB2E1900E6F300F99781 /* CDVReachability.h in Headers */ = {isa = PBXBuildFile; fileRef = 48E1AAFF1900E6F300F99781 /* CDVReachability.h */; settings = {ATTRIBUTES = (Public, ); }; };
		48E1AB2F1900E6F300F99781 /* CDVReachability.m in Sources */ = {isa = PBXBuildFile; fileRef = 48E1AB001900E6F300F99781 /* CDVReachability.m */; };
		48E1AB301900E6F300F99781 /* CDVSound.h in Headers */ = {isa = PBXBuildFile; fileRef = 48E1AB011900E6F300F99781 /* CDVSound.h */; settings = {ATTRIBUTES = (Public, ); }; };
		48E1AB311900E6F300F99781 /* CDVSound.m in Sources */ = {isa = PBXBuildFile; fileRef = 48E1AB021900E6F300F99781 /* CDVSound.m */; };
		48E1AB321900E6F300F99781 /* CDVSplashScreen.h in Headers */ = {isa = PBXBuildFile; fileRef = 48E1AB031900E6F300F99781 /* CDVSplashScreen.h */; settings = {ATTRIBUTES = (Public, ); }; };
		48E1AB331900E6F300F99781 /* CDVSplashScreen.m in Sources */ = {isa = PBXBuildFile; fileRef = 48E1AB041900E6F300F99781 /* CDVSplashScreen.m */; };
		48E1AB341900E6F300F99781 /* CDVVibration.h in Headers */ = {isa = PBXBuildFile; fileRef = 48E1AB051900E6F300F99781 /* CDVVibration.h */; settings = {ATTRIBUTES = (Public, ); }; };
		48E1AB351900E6F300F99781 /* CDVVibration.m in Sources */ = {isa = PBXBuildFile; fileRef = 48E1AB061900E6F300F99781 /* CDVVibration.m */; };
		48E1AB361900E6F300F99781 /* CDVStatusBar.h in Headers */ = {isa = PBXBuildFile; fileRef = 48E1AB371900E6F300F99781 /* CDVStatusBar.h */; settings = {ATTRIBUTES = (Public, ); }; };
		48E1AB381900E6F300F99781 /* CDVStatusBar.m in Sources */ = {isa = PBXBuildFile; fileRef = 48E1AB391900E6F300F99781 /* CDVStatusBar.m */; };
/* End PBXBuildFile section */

/* Begin PBXFileReference section */
		30325A0B136B343700982B63 /* VERSION */ = {isa = PBXFileReference; fileEncoding = 4; lastKnownFileType = text; path = VERSION; sourceTree = "<group>"; };
		48E1AA7D1900E3DA00F99781 /* CDV.h */ = {isa = PBXFileReference; fileEncoding = 4; lastKnownFileType = sourcecode.c.h; path = CDV.h; sourceTree = "<group>"; };
		48E1AA7E1900E3DA00F99781 /* CDVAvailability.h */ = {isa = PBXFileReference; fileEncoding = 4; lastKnownFileType = sourcecode.c.h; path = CDVAvailability.h; sourceTree = "<group>"; };
		48E1AA7F1900E3DA00F99781 /* CDVCommandDelegate.h */ = {isa = PBXFileReference; fileEncoding = 4; lastKnownFileType = sourcecode.c.h; path = CDVCommandDelegate.h; sourceTree = "<group>"; };
		48E1AA801900E3DA00F99781 /* CDVCommandDelegateImpl.h */ = {isa = PBXFileReference; fileEncoding = 4; lastKnownFileType = sourcecode.c.h; path = CDVCommandDelegateImpl.h; sourceTree = "<group>"; };
		48E1AA811900E3DA00F99781 /* CDVCommandDelegateImpl.m */ = {isa = PBXFileReference; fileEncoding = 4; lastKnownFileType = sourcecode.c.objc; path = CDVCommandDelegateImpl.m; sourceTree = "<group>"; };
		48E1AA821900E3DA00F99781 /* CDVCommandQueue.h */ = {isa = PBXFileReference; fileEncoding = 4; lastKnownFileType = sourcecode.c.h; path = CDVCommandQueue.h; sourceTree = "<group>"; };
		48E1AA831900E3DA00F99781 /* CDVCommandQueue.m */ = {isa = PBXFileReference; fileEncoding = 4; lastKnownFileType = sourcecode.c.objc; path = CDVCommandQueue.m; sourceTree = "<group>"; };
		48E1AA841900E3DA00F99781 /* CDVConfigParser.h */ = {isa = PBXFileReference; fileEncoding = 4; lastKnownFileType = sourcecode.c.h; path = CDVConfigParser.h; sourceTree = "<group>"; };
		48E1AA851900E3DA00F99781 /* CDVConfigParser.m */ = {isa = PBXFileReference; fileEncoding = 4; lastKnownFileType = sourcecode.c.objc; path = CDVConfigParser.m; sourceTree = "<group>"; };
		48E1AA861900E3DA00F99781 /* CDVDebug.h */ = {isa = PBXFileReference; fileEncoding = 4; lastKnownFileType = sourcecode.c.h; path = CDVDebug.h; sourceTree = "<group>"; };
		48E1AA871900E3DA00F99781 /* CDVInvokedUrlCommand.h */ = {isa = PBXFileReference; fileEncoding = 4; lastKnownFileType = sourcecode.c.h; path = CDVInvokedUrlCommand.h; sourceTree = "<group>"; };
		48E1AA881900E3DA00F99781 /* CDVInvokedUrlCommand.m */ = {isa = PBXFileReference; fileEncoding = 4; lastKnownFileType = sourcecode.c.objc; path = CDVInvokedUrlCommand.m; sourceTree = "<group>"; };
		48E1AA891900E3DA00F99781 /* CDVJSON.h */ = {isa = PBXFileReference; fileEncoding = 4; lastKnownFileType = sourcecode.c.h; path = CDVJSON.h; sourceTree = "<group>"; };
		48E1AA8A1900E3DA00F99781 /* CDVJSON.m */ = {isa = PBXFileReference; fileEncoding = 4; lastKnownFileType = sourcecode.c.objc; path = CDVJSON.m; sourceTree = "<group>"; };
		48E1AA8B1900E3DA00F99781 /* CDVLocalStorage.h */ = {isa = PBXFileReference; fileEncoding = 4; lastKnownFileType = sourcecode.c.h; path = CDVLocalStorage.h; sourceTree = "<group>"; };
		48E1AA8C1900E3DA00F99781 /* CDVLocalStorage.m */ = {isa = PBXFileReference; fileEncoding = 4; lastKnownFileType = sourcecode.c.objc; path = CDVLocalStorage.m; sourceTree = "<group>"; };
		48E1AA8D1900E3DA00F99781 /* CDVPlugin.h */ = {isa = PBXFileReference; fileEncoding = 4; lastKnownFileType = sourcecode.c.h; path = CDVPlugin.h; sourceTree = "<group>"; };
		48E1AA8E1900E3DA00F99781 /* CDVPlugin.m */ = {isa = PBXFileReference; fileEncoding = 4; lastKnownFileType = sourcecode.c.objc; path = CDVPlugin.m; sourceTree = "<group>"; };
		48E1AA8F1900E3DA00F99781 /* CDVPluginResult.h */ = {isa = PBXFileReference; fileEncoding = 4; lastKnownFileType = sourcecode.c.h; path = CDVPluginResult.h; sourceTree = "<group>"; };
		48E1AA901900E3DA00F99781 /* CDVPluginResult.m */ = {isa = PBXFileReference; fileEncoding = 4; lastKnownFileType = sourcecode.c.objc; path = CDVPluginResult.m; sourceTree = "<group>"; };
		48E1AA911900E3DA00F99781 /* CDVScreenOrientationDelegate.h */ = {isa = PBXFileReference; fileEncoding = 4; lastKnownFileType = sourcecode.c.h; path = CDVScreenOrientationDelegate.h; sourceTree = "<group>"; };
		48E1AA921900E3DA00F99781 /* CDVShared.h */ = {isa = PBXFileReference; fileEncoding = 4; lastKnownFileType = sourcecode.c.h; path = CDVShared.h; sourceTree = "<group>"; };
		48E1AA941900E3DA00F99781 /* CDVTimer.h */ = {isa = PBXFileReference; fileEncoding = 4; lastKnownFileType = sourcecode.c.h; path = CDVTimer.h; sourceTree = "<group>"; };
		48E1AA951900E3DA00F99781 /* CDVTimer.m */ = {isa = PBXFileReference; fileEncoding = 4; lastKnownFileType = sourcecode.c.objc; path = CDVTimer.m; sourceTree = "<group>"; };
		48E1AA961900E3DA00F99781 /* CDVURLProtocol.h */ = {isa = PBXFileReference; fileEncoding = 4; lastKnownFileType = sourcecode.c.h; path = CDVURLProtocol.h; sourceTree = "<group>"; };
		48E1AA971900E3DA00F99781 /* CDVURLProtocol.m */ = {isa = PBXFileReference; fileEncoding = 4; lastKnownFileType = sourcecode.c.objc; path = CDVURLProtocol.m; sourceTree = "<group>"; };
		48E1AA981900E3DA00F99781 /* CDVUserAgentUtil.h */ = {isa = PBXFileReference; fileEncoding = 4; lastKnownFileType = sourcecode.c.h; path = CDVUserAgentUtil.h; sourceTree = "<group>"; };
		48E1AA991900E3DA00F99781 /* CDVUserAgentUtil.m */ = {isa = PBXFileReference; fileEncoding = 4; lastKnownFileType = sourcecode.c.objc; path = CDVUserAgentUtil.m; sourceTree = "<group>"; };
		48E1AA9A1900E3DA00F99781 /* CDVViewController.h */ = {isa = PBXFileReference; fileEncoding = 4; lastKnownFileType = sourcecode.c.h; path = CDVViewController.h; sourceTree = "<group>"; };
		48E1AA9B1900E3DA00F99781 /* CDVViewController.m */ = {isa = PBXFileReference; fileEncoding = 4; lastKnownFileType = sourcecode.c.objc; path = CDVViewController.m; sourceTree = "<group>"; };
		48E1AA9C1900E3DA00F99781 /* CDVWebViewDelegate.h */ = {isa = PBXFileReference; fileEncoding = 4; lastKnownFileType = sourcecode.c.h; path = CDVWebViewDelegate.h; sourceTree = "<group>"; };
		48E1AA9D1900E3DA00F99781 /* CDVWebViewDelegate.m */ = {isa = PBXFileReference; fileEncoding = 4; lastKnownFileType = sourcecode.c.objc; path = CDVWebViewDelegate.m; sourceTree = "<group>"; };
		48E1AA9E1900E3DA00F99781 /* CDVWhitelist.h */ = {isa = PBXFileReference; fileEncoding = 4; lastKnownFileType = sourcecode.c.h; path = CDVWhitelist.h; sourceTree = "<group>"; };
		48E1AA9F1900E3DA00F99781 /* CDVWhitelist.m */ = {isa = PBXFileReference; fileEncoding = 4; lastKnownFileType = sourcecode.c.objc; path = CDVWhitelist.m; sourceTree = "<group>"; };
		48E1AAA01900E3DA00F99781 /* NSArray+Comparisons.h */ = {isa = PBXFileReference; fileEncoding = 4; lastKnownFileType = sourcecode.c.h; path = "NSArray+Comparisons.h"; sourceTree = "<group>"; };
		48E1AAA11900E3DA00F99781 /* NSArray+Comparisons.m */ = {isa = PBXFileReference; fileEncoding = 4; lastKnownFileType = sourcecode.c.objc; path = "NSArray+Comparisons.m"; sourceTree = "<group>"; };
		48E1AAA21900E3DA00F99781 /* NSData+Base64.h */ = {isa = PBXFileReference; fileEncoding = 4; lastKnownFileType = sourcecode.c.h; path = "NSData+Base64.h"; sourceTree = "<group>"; };
		48E1AAA31900E3DA00F99781 /* NSData+Base64.m */ = {isa = PBXFileReference; fileEncoding = 4; lastKnownFileType = sourcecode.c.objc; path = "NSData+Base64.m"; sourceTree = "<group>"; };
		48E1AAA41900E3DA00F99781 /* NSDictionary+Extensions.h */ = {isa = PBXFileReference; fileEncoding = 4; lastKnownFileType = sourcecode.c.h; path = "NSDictionary+Extensions.h"; sourceTree = "<group>"; };
		48E1AAA51900E3DA00F99781 /* NSDictionary+Extensions.m */ = {isa = PBXFileReference; fileEncoding = 4; lastKnownFileType = sourcecode.c.objc; path = "NSDictionary+Extensions.m"; sourceTree = "<group>"; };
		48E1AAA61900E3DA00F99781 /* NSMutableArray+QueueAdditions.h */ = {isa = PBXFileReference; fileEncoding = 4; lastKnownFileType = sourcecode.c.h; path = "NSMutableArray+QueueAdditions.h"; sourceTree = "<group>"; };
		48E1AAA71900E3DA00F99781 /* NSMutableArray+QueueAdditions.m */ = {isa = PBXFileReference; fileEncoding = 4; lastKnownFileType = sourcecode.c.objc; path = "NSMutableArray+QueueAdditions.m"; sourceTree = "<group>"; };
		48E1AAA81900E3DA00F99781 /* UIDevice+Extensions.h */ = {isa = PBXFileReference; fileEncoding = 4; lastKnownFileType = sourcecode.c.h; path = "UIDevice+Extensions.h"; sourceTree = "<group>"; };
		48E1AAA91900E3DA00F99781 /* UIDevice+Extensions.m */ = {isa = PBXFileReference; fileEncoding = 4; lastKnownFileType = sourcecode.c.objc; path = "UIDevice+Extensions.m"; sourceTree = "<group>"; };
		48E1AAD81900E6F300F99781 /* CDVAccelerometer.h */ = {isa = PBXFileReference; fileEncoding = 4; lastKnownFileType = sourcecode.c.h; path = CDVAccelerometer.h; sourceTree = "<group>"; };
		48E1AAD91900E6F300F99781 /* CDVAccelerometer.m */ = {isa = PBXFileReference; fileEncoding = 4; lastKnownFileType = sourcecode.c.objc; path = CDVAccelerometer.m; sourceTree = "<group>"; };
		48E1AADA1900E6F300F99781 /* CDVAssetLibraryFilesystem.h */ = {isa = PBXFileReference; fileEncoding = 4; lastKnownFileType = sourcecode.c.h; path = CDVAssetLibraryFilesystem.h; sourceTree = "<group>"; };
		48E1AADB1900E6F300F99781 /* CDVAssetLibraryFilesystem.m */ = {isa = PBXFileReference; fileEncoding = 4; lastKnownFileType = sourcecode.c.objc; path = CDVAssetLibraryFilesystem.m; sourceTree = "<group>"; };
		48E1AADC1900E6F300F99781 /* CDVBattery.h */ = {isa = PBXFileReference; fileEncoding = 4; lastKnownFileType = sourcecode.c.h; path = CDVBattery.h; sourceTree = "<group>"; };
		48E1AADD1900E6F300F99781 /* CDVBattery.m */ = {isa = PBXFileReference; fileEncoding = 4; lastKnownFileType = sourcecode.c.objc; path = CDVBattery.m; sourceTree = "<group>"; };
		48E1AADE1900E6F300F99781 /* CDVCamera.h */ = {isa = PBXFileReference; fileEncoding = 4; lastKnownFileType = sourcecode.c.h; path = CDVCamera.h; sourceTree = "<group>"; };
		48E1AADF1900E6F300F99781 /* CDVCamera.m */ = {isa = PBXFileReference; fileEncoding = 4; lastKnownFileType = sourcecode.c.objc; path = CDVCamera.m; sourceTree = "<group>"; };
		48E1AAE01900E6F300F99781 /* CDVCapture.h */ = {isa = PBXFileReference; fileEncoding = 4; lastKnownFileType = sourcecode.c.h; path = CDVCapture.h; sourceTree = "<group>"; };
		48E1AAE11900E6F300F99781 /* CDVCapture.m */ = {isa = PBXFileReference; fileEncoding = 4; lastKnownFileType = sourcecode.c.objc; path = CDVCapture.m; sourceTree = "<group>"; };
		48E1AAE21900E6F300F99781 /* CDVCompass.h */ = {isa = PBXFileReference; fileEncoding = 4; lastKnownFileType = sourcecode.c.h; path = CDVCompass.h; sourceTree = "<group>"; };
		48E1AAE31900E6F300F99781 /* CDVCompass.m */ = {isa = PBXFileReference; fileEncoding = 4; lastKnownFileType = sourcecode.c.objc; path = CDVCompass.m; sourceTree = "<group>"; };
		48E1AAE41900E6F300F99781 /* CDVConnection.h */ = {isa = PBXFileReference; fileEncoding = 4; lastKnownFileType = sourcecode.c.h; path = CDVConnection.h; sourceTree = "<group>"; };
		48E1AAE51900E6F300F99781 /* CDVConnection.m */ = {isa = PBXFileReference; fileEncoding = 4; lastKnownFileType = sourcecode.c.objc; path = CDVConnection.m; sourceTree = "<group>"; };
		48E1AAE61900E6F300F99781 /* CDVContact.h */ = {isa = PBXFileReference; fileEncoding = 4; lastKnownFileType = sourcecode.c.h; path = CDVContact.h; sourceTree = "<group>"; };
		48E1AAE71900E6F300F99781 /* CDVContact.m */ = {isa = PBXFileReference; fileEncoding = 4; lastKnownFileType = sourcecode.c.objc; path = CDVContact.m; sourceTree = "<group>"; };
		48E1AAE81900E6F300F99781 /* CDVContacts.h */ = {isa = PBXFileReference; fileEncoding = 4; lastKnownFileType = sourcecode.c.h; path = CDVContacts.h; sourceTree = "<group>"; };
		48E1AAE91900E6F300F99781 /* CDVContacts.m */ = {isa = PBXFileReference; fileEncoding = 4; lastKnownFileType = sourcecode.c.objc; path = CDVContacts.m; sourceTree = "<group>"; };
		48E1AAEA1900E6F300F99781 /* CDVDevice.h */ = {isa = PBXFileReference; fileEncoding = 4; lastKnownFileType = sourcecode.c.h; path = CDVDevice.h; sourceTree = "<group>"; };
		48E1AAEB1900E6F300F99781 /* CDVDevice.m */ = {isa = PBXFileReference; fileEncoding = 4; lastKnownFileType = sourcecode.c.objc; path = CDVDevice.m; sourceTree = "<group>"; };
		48E1AAEC1900E6F300F99781 /* CDVExif.h */ = {isa = PBXFileReference; fileEncoding = 4; lastKnownFileType = sourcecode.c.h; path = CDVExif.h; sourceTree = "<group>"; };
		48E1AAED1900E6F300F99781 /* CDVFile.h */ = {isa = PBXFileReference; fileEncoding = 4; lastKnownFileType = sourcecode.c.h; path = CDVFile.h; sourceTree = "<group>"; };
		48E1AAEE1900E6F300F99781 /* CDVFile.m */ = {isa = PBXFileReference; fileEncoding = 4; lastKnownFileType = sourcecode.c.objc; path = CDVFile.m; sourceTree = "<group>"; };
		48E1AAEF1900E6F300F99781 /* CDVFileTransfer.h */ = {isa = PBXFileReference; fileEncoding = 4; lastKnownFileType = sourcecode.c.h; path = CDVFileTransfer.h; sourceTree = "<group>"; };
		48E1AAF01900E6F300F99781 /* CDVFileTransfer.m */ = {isa = PBXFileReference; fileEncoding = 4; lastKnownFileType = sourcecode.c.objc; path = CDVFileTransfer.m; sourceTree = "<group>"; };
		48E1AAF11900E6F300F99781 /* CDVGlobalization.h */ = {isa = PBXFileReference; fileEncoding = 4; lastKnownFileType = sourcecode.c.h; path = CDVGlobalization.h; sourceTree = "<group>"; };
		48E1AAF21900E6F300F99781 /* CDVGlobalization.m */ = {isa = PBXFileReference; fileEncoding = 4; lastKnownFileType = sourcecode.c.objc; path = CDVGlobalization.m; sourceTree = "<group>"; };
		48E1AAF31900E6F300F99781 /* CDVInAppBrowser.h */ = {isa = PBXFileReference; fileEncoding = 4; lastKnownFileType = sourcecode.c.h; path = CDVInAppBrowser.h; sourceTree = "<group>"; };
		48E1AAF41900E6F300F99781 /* CDVInAppBrowser.m */ = {isa = PBXFileReference; fileEncoding = 4; lastKnownFileType = sourcecode.c.objc; path = CDVInAppBrowser.m; sourceTree = "<group>"; };
		48E1AAF51900E6F300F99781 /* CDVJpegHeaderWriter.h */ = {isa = PBXFileReference; fileEncoding = 4; lastKnownFileType = sourcecode.c.h; path = CDVJpegHeaderWriter.h; sourceTree = "<group>"; };
		48E1AAF61900E6F300F99781 /* CDVJpegHeaderWriter.m */ = {isa = PBXFileReference; fileEncoding = 4; lastKnownFileType = sourcecode.c.objc; path = CDVJpegHeaderWriter.m; sourceTree = "<group>"; };
		48E1AAF71900E6F300F99781 /* CDVLocalFilesystem.h */ = {isa = PBXFileReference; fileEncoding = 4; lastKnownFileType = sourcecode.c.h; path = CDVLocalFilesystem.h; sourceTree = "<group>"; };
		48E1AAF81900E6F300F99781 /* CDVLocalFilesystem.m */ = {isa = PBXFileReference; fileEncoding = 4; lastKnownFileType = sourcecode.c.objc; path = CDVLocalFilesystem.m; sourceTree = "<group>"; };
		48E1AAF91900E6F300F99781 /* CDVLocation.h */ = {isa = PBXFileReference; fileEncoding = 4; lastKnownFileType = sourcecode.c.h; path = CDVLocation.h; sourceTree = "<group>"; };
		48E1AAFA1900E6F300F99781 /* CDVLocation.m */ = {isa = PBXFileReference; fileEncoding = 4; lastKnownFileType = sourcecode.c.objc; path = CDVLocation.m; sourceTree = "<group>"; };
		48E1AAFB1900E6F300F99781 /* CDVLogger.h */ = {isa = PBXFileReference; fileEncoding = 4; lastKnownFileType = sourcecode.c.h; path = CDVLogger.h; sourceTree = "<group>"; };
		48E1AAFC1900E6F300F99781 /* CDVLogger.m */ = {isa = PBXFileReference; fileEncoding = 4; lastKnownFileType = sourcecode.c.objc; path = CDVLogger.m; sourceTree = "<group>"; };
		48E1AAFD1900E6F300F99781 /* CDVNotification.h */ = {isa = PBXFileReference; fileEncoding = 4; lastKnownFileType = sourcecode.c.h; path = CDVNotification.h; sourceTree = "<group>"; };
		48E1AAFE1900E6F300F99781 /* CDVNotification.m */ = {isa = PBXFileReference; fileEncoding = 4; lastKnownFileType = sourcecode.c.objc; path = CDVNotification.m; sourceTree = "<group>"; };
		48E1AAFF1900E6F300F99781 /* CDVReachability.h */ = {isa = PBXFileReference; fileEncoding = 4; lastKnownFileType = sourcecode.c.h; path = CDVReachability.h; sourceTree = "<group>"; };
		48E1AB001900E6F300F99781 /* CDVReachability.m */ = {isa = PBXFileReference; fileEncoding = 4; lastKnownFileType = sourcecode.c.objc; path = CDVReachability.m; sourceTree = "<group>"; };
		48E1AB011900E6F300F99781 /* CDVSound.h */ = {isa = PBXFileReference; fileEncoding = 4; lastKnownFileType = sourcecode.c.h; path = CDVSound.h; sourceTree = "<group>"; };
		48E1AB021900E6F300F99781 /* CDVSound.m */ = {isa = PBXFileReference; fileEncoding = 4; lastKnownFileType = sourcecode.c.objc; path = CDVSound.m; sourceTree = "<group>"; };
		48E1AB031900E6F300F99781 /* CDVSplashScreen.h */ = {isa = PBXFileReference; fileEncoding = 4; lastKnownFileType = sourcecode.c.h; path = CDVSplashScreen.h; sourceTree = "<group>"; };
		48E1AB041900E6F300F99781 /* CDVSplashScreen.m */ = {isa = PBXFileReference; fileEncoding = 4; lastKnownFileType = sourcecode.c.objc; path = CDVSplashScreen.m; sourceTree = "<group>"; };
		48E1AB051900E6F300F99781 /* CDVVibration.h */ = {isa = PBXFileReference; fileEncoding = 4; lastKnownFileType = sourcecode.c.h; path = CDVVibration.h; sourceTree = "<group>"; };
		48E1AB061900E6F300F99781 /* CDVVibration.m */ = {isa = PBXFileReference; fileEncoding = 4; lastKnownFileType = sourcecode.c.objc; path = CDVVibration.m; sourceTree = "<group>"; };
		48E1AB371900E6F300F99781 /* CDVStatusBar.h */ = {isa = PBXFileReference; fileEncoding = 4; lastKnownFileType = sourcecode.c.h; path = CDVStatusBar.h; sourceTree = "<group>"; };
		48E1AB391900E6F300F99781 /* CDVStatusBar.m */ = {isa = PBXFileReference; fileEncoding = 4; lastKnownFileType = sourcecode.c.objc; path = CDVStatusBar.m; sourceTree = "<group>"; };
		686357AA141002F100DF4CF2 /* UIKit.framework */ = {isa = PBXFileReference; lastKnownFileType = wrapper.framework; name = UIKit.framework; path = System/Library/Frameworks/UIKit.framework; sourceTree = SDKROOT; };
		686357AC141002F100DF4CF2 /* Foundation.framework */ = {isa = PBXFileReference; lastKnownFileType = wrapper.framework; name = Foundation.framework; path = System/Library/Frameworks/Foundation.framework; sourceTree = SDKROOT; };
		686357AE141002F100DF4CF2 /* CoreGraphics.framework */ = {isa = PBXFileReference; lastKnownFileType = wrapper.framework; name = CoreGraphics.framework; path = System/Library/Frameworks/CoreGraphics.framework; sourceTree = SDKROOT; };
		686357CC14100AAD00DF4CF2 /* AddressBookUI.framework */ = {isa = PBXFileReference; lastKnownFileType = wrapper.framework; name = AddressBookUI.framework; path = System/Library/Frameworks/AddressBookUI.framework; sourceTree = SDKROOT; };
		686357CE14100ADA00DF4CF2 /* AudioToolbox.framework */ = {isa = PBXFileReference; lastKnownFileType = wrapper.framework; name = AudioToolbox.framework; path = System/Library/Frameworks/AudioToolbox.framework; sourceTree = SDKROOT; };
		686357CF14100ADB00DF4CF2 /* AVFoundation.framework */ = {isa = PBXFileReference; lastKnownFileType = wrapper.framework; name = AVFoundation.framework; path = System/Library/Frameworks/AVFoundation.framework; sourceTree = SDKROOT; };
		686357D014100ADE00DF4CF2 /* CoreLocation.framework */ = {isa = PBXFileReference; lastKnownFileType = wrapper.framework; name = CoreLocation.framework; path = System/Library/Frameworks/CoreLocation.framework; sourceTree = SDKROOT; };
		686357D214100AE700DF4CF2 /* MobileCoreServices.framework */ = {isa = PBXFileReference; lastKnownFileType = wrapper.framework; name = MobileCoreServices.framework; path = System/Library/Frameworks/MobileCoreServices.framework; sourceTree = SDKROOT; };
		686357D414100AF200DF4CF2 /* SystemConfiguration.framework */ = {isa = PBXFileReference; lastKnownFileType = wrapper.framework; name = SystemConfiguration.framework; path = System/Library/Frameworks/SystemConfiguration.framework; sourceTree = SDKROOT; };
		686357DC14100B1600DF4CF2 /* CoreMedia.framework */ = {isa = PBXFileReference; lastKnownFileType = wrapper.framework; name = CoreMedia.framework; path = System/Library/Frameworks/CoreMedia.framework; sourceTree = SDKROOT; };
		68A32D7114102E1C006B237C /* libCordova.a */ = {isa = PBXFileReference; explicitFileType = archive.ar; includeInIndex = 0; path = libCordova.a; sourceTree = BUILT_PRODUCTS_DIR; };
		68A32D7414103017006B237C /* AddressBook.framework */ = {isa = PBXFileReference; lastKnownFileType = wrapper.framework; name = AddressBook.framework; path = System/Library/Frameworks/AddressBook.framework; sourceTree = SDKROOT; };
		8220B5C316D5427E00EC3921 /* AssetsLibrary.framework */ = {isa = PBXFileReference; lastKnownFileType = wrapper.framework; name = AssetsLibrary.framework; path = System/Library/Frameworks/AssetsLibrary.framework; sourceTree = SDKROOT; };
		AA747D9E0F9514B9006C5449 /* CordovaLib_Prefix.pch */ = {isa = PBXFileReference; fileEncoding = 4; lastKnownFileType = sourcecode.c.h; path = CordovaLib_Prefix.pch; sourceTree = SOURCE_ROOT; };
/* End PBXFileReference section */

/* Begin PBXFrameworksBuildPhase section */
		D2AAC07C0554694100DB518D /* Frameworks */ = {
			isa = PBXFrameworksBuildPhase;
			buildActionMask = 2147483647;
			files = (
			);
			runOnlyForDeploymentPostprocessing = 0;
		};
/* End PBXFrameworksBuildPhase section */

/* Begin PBXGroup section */
		034768DFFF38A50411DB9C8B /* Products */ = {
			isa = PBXGroup;
			children = (
				68A32D7114102E1C006B237C /* libCordova.a */,
			);
			name = Products;
			sourceTree = CORDOVALIB;
		};
		0867D691FE84028FC02AAC07 /* CordovaLib */ = {
			isa = PBXGroup;
			children = (
				9C14565917E6DA7800CE0DE9 /* plugin */,
				9C1455FA17E6DA2E00CE0DE9 /* Classes */,
				32C88DFF0371C24200C91783 /* Other Sources */,
				0867D69AFE84028FC02AAC07 /* Frameworks */,
				034768DFFF38A50411DB9C8B /* Products */,
				30325A0B136B343700982B63 /* VERSION */,
			);
			name = CordovaLib;
			sourceTree = "<group>";
		};
		0867D69AFE84028FC02AAC07 /* Frameworks */ = {
			isa = PBXGroup;
			children = (
				68A32D7414103017006B237C /* AddressBook.framework */,
				8220B5C316D5427E00EC3921 /* AssetsLibrary.framework */,
				686357DC14100B1600DF4CF2 /* CoreMedia.framework */,
				686357CE14100ADA00DF4CF2 /* AudioToolbox.framework */,
				686357CF14100ADB00DF4CF2 /* AVFoundation.framework */,
				686357D014100ADE00DF4CF2 /* CoreLocation.framework */,
				686357D214100AE700DF4CF2 /* MobileCoreServices.framework */,
				686357D414100AF200DF4CF2 /* SystemConfiguration.framework */,
				686357CC14100AAD00DF4CF2 /* AddressBookUI.framework */,
				686357AA141002F100DF4CF2 /* UIKit.framework */,
				686357AC141002F100DF4CF2 /* Foundation.framework */,
				686357AE141002F100DF4CF2 /* CoreGraphics.framework */,
			);
			name = Frameworks;
			sourceTree = "<group>";
		};
		32C88DFF0371C24200C91783 /* Other Sources */ = {
			isa = PBXGroup;
			children = (
				AA747D9E0F9514B9006C5449 /* CordovaLib_Prefix.pch */,
			);
			name = "Other Sources";
			sourceTree = "<group>";
		};
		9C1455FA17E6DA2E00CE0DE9 /* Classes */ = {
			isa = PBXGroup;
			children = (
				48E1AA7D1900E3DA00F99781 /* CDV.h */,
				48E1AA7E1900E3DA00F99781 /* CDVAvailability.h */,
				48E1AA7F1900E3DA00F99781 /* CDVCommandDelegate.h */,
				48E1AA801900E3DA00F99781 /* CDVCommandDelegateImpl.h */,
				48E1AA811900E3DA00F99781 /* CDVCommandDelegateImpl.m */,
				48E1AA821900E3DA00F99781 /* CDVCommandQueue.h */,
				48E1AA831900E3DA00F99781 /* CDVCommandQueue.m */,
				48E1AA841900E3DA00F99781 /* CDVConfigParser.h */,
				48E1AA851900E3DA00F99781 /* CDVConfigParser.m */,
				48E1AA861900E3DA00F99781 /* CDVDebug.h */,
				48E1AA871900E3DA00F99781 /* CDVInvokedUrlCommand.h */,
				48E1AA881900E3DA00F99781 /* CDVInvokedUrlCommand.m */,
				48E1AA891900E3DA00F99781 /* CDVJSON.h */,
				48E1AA8A1900E3DA00F99781 /* CDVJSON.m */,
				48E1AA8B1900E3DA00F99781 /* CDVLocalStorage.h */,
				48E1AA8C1900E3DA00F99781 /* CDVLocalStorage.m */,
				48E1AA8D1900E3DA00F99781 /* CDVPlugin.h */,
				48E1AA8E1900E3DA00F99781 /* CDVPlugin.m */,
				48E1AA8F1900E3DA00F99781 /* CDVPluginResult.h */,
				48E1AA901900E3DA00F99781 /* CDVPluginResult.m */,
				48E1AA911900E3DA00F99781 /* CDVScreenOrientationDelegate.h */,
				48E1AA921900E3DA00F99781 /* CDVShared.h */,
				48E1AA941900E3DA00F99781 /* CDVTimer.h */,
				48E1AA951900E3DA00F99781 /* CDVTimer.m */,
				48E1AA961900E3DA00F99781 /* CDVURLProtocol.h */,
				48E1AA971900E3DA00F99781 /* CDVURLProtocol.m */,
				48E1AA981900E3DA00F99781 /* CDVUserAgentUtil.h */,
				48E1AA991900E3DA00F99781 /* CDVUserAgentUtil.m */,
				48E1AA9A1900E3DA00F99781 /* CDVViewController.h */,
				48E1AA9B1900E3DA00F99781 /* CDVViewController.m */,
				48E1AA9C1900E3DA00F99781 /* CDVWebViewDelegate.h */,
				48E1AA9D1900E3DA00F99781 /* CDVWebViewDelegate.m */,
				48E1AA9E1900E3DA00F99781 /* CDVWhitelist.h */,
				48E1AA9F1900E3DA00F99781 /* CDVWhitelist.m */,
				48E1AAA01900E3DA00F99781 /* NSArray+Comparisons.h */,
				48E1AAA11900E3DA00F99781 /* NSArray+Comparisons.m */,
				48E1AAA21900E3DA00F99781 /* NSData+Base64.h */,
				48E1AAA31900E3DA00F99781 /* NSData+Base64.m */,
				48E1AAA41900E3DA00F99781 /* NSDictionary+Extensions.h */,
				48E1AAA51900E3DA00F99781 /* NSDictionary+Extensions.m */,
				48E1AAA61900E3DA00F99781 /* NSMutableArray+QueueAdditions.h */,
				48E1AAA71900E3DA00F99781 /* NSMutableArray+QueueAdditions.m */,
				48E1AAA81900E3DA00F99781 /* UIDevice+Extensions.h */,
				48E1AAA91900E3DA00F99781 /* UIDevice+Extensions.m */,
			);
			path = Classes;
			sourceTree = "<group>";
		};
		9C14565917E6DA7800CE0DE9 /* plugin */ = {
			isa = PBXGroup;
			children = (
				48E1AAD81900E6F300F99781 /* CDVAccelerometer.h */,
				48E1AAD91900E6F300F99781 /* CDVAccelerometer.m */,
				48E1AADA1900E6F300F99781 /* CDVAssetLibraryFilesystem.h */,
				48E1AADB1900E6F300F99781 /* CDVAssetLibraryFilesystem.m */,
				48E1AADC1900E6F300F99781 /* CDVBattery.h */,
				48E1AADD1900E6F300F99781 /* CDVBattery.m */,
				48E1AADE1900E6F300F99781 /* CDVCamera.h */,
				48E1AADF1900E6F300F99781 /* CDVCamera.m */,
				48E1AAE01900E6F300F99781 /* CDVCapture.h */,
				48E1AAE11900E6F300F99781 /* CDVCapture.m */,
				48E1AAE21900E6F300F99781 /* CDVCompass.h */,
				48E1AAE31900E6F300F99781 /* CDVCompass.m */,
				48E1AAE41900E6F300F99781 /* CDVConnection.h */,
				48E1AAE51900E6F300F99781 /* CDVConnection.m */,
				48E1AAE61900E6F300F99781 /* CDVContact.h */,
				48E1AAE71900E6F300F99781 /* CDVContact.m */,
				48E1AAE81900E6F300F99781 /* CDVContacts.h */,
				48E1AAE91900E6F300F99781 /* CDVContacts.m */,
				48E1AAEA1900E6F300F99781 /* CDVDevice.h */,
				48E1AAEB1900E6F300F99781 /* CDVDevice.m */,
				48E1AAEC1900E6F300F99781 /* CDVExif.h */,
				48E1AAED1900E6F300F99781 /* CDVFile.h */,
				48E1AAEE1900E6F300F99781 /* CDVFile.m */,
				48E1AAEF1900E6F300F99781 /* CDVFileTransfer.h */,
				48E1AAF01900E6F300F99781 /* CDVFileTransfer.m */,
				48E1AAF11900E6F300F99781 /* CDVGlobalization.h */,
				48E1AAF21900E6F300F99781 /* CDVGlobalization.m */,
				48E1AAF31900E6F300F99781 /* CDVInAppBrowser.h */,
				48E1AAF41900E6F300F99781 /* CDVInAppBrowser.m */,
				48E1AAF51900E6F300F99781 /* CDVJpegHeaderWriter.h */,
				48E1AAF61900E6F300F99781 /* CDVJpegHeaderWriter.m */,
				48E1AAF71900E6F300F99781 /* CDVLocalFilesystem.h */,
				48E1AAF81900E6F300F99781 /* CDVLocalFilesystem.m */,
				48E1AAF91900E6F300F99781 /* CDVLocation.h */,
				48E1AAFA1900E6F300F99781 /* CDVLocation.m */,
				48E1AAFB1900E6F300F99781 /* CDVLogger.h */,
				48E1AAFC1900E6F300F99781 /* CDVLogger.m */,
				48E1AAFD1900E6F300F99781 /* CDVNotification.h */,
				48E1AAFE1900E6F300F99781 /* CDVNotification.m */,
				48E1AAFF1900E6F300F99781 /* CDVReachability.h */,
				48E1AB001900E6F300F99781 /* CDVReachability.m */,
				48E1AB011900E6F300F99781 /* CDVSound.h */,
				48E1AB021900E6F300F99781 /* CDVSound.m */,
				48E1AB031900E6F300F99781 /* CDVSplashScreen.h */,
				48E1AB041900E6F300F99781 /* CDVSplashScreen.m */,
				48E1AB051900E6F300F99781 /* CDVVibration.h */,
				48E1AB061900E6F300F99781 /* CDVVibration.m */,
				48E1AB371900E6F300F99781 /* CDVStatusBar.h */,
				48E1AB391900E6F300F99781 /* CDVStatusBar.m */,
			);
			path = plugin;
			sourceTree = "<group>";
		};
/* End PBXGroup section */

/* Begin PBXHeadersBuildPhase section */
		D2AAC07A0554694100DB518D /* Headers */ = {
			isa = PBXHeadersBuildPhase;
			buildActionMask = 2147483647;
			files = (
				48E1AB221900E6F300F99781 /* CDVInAppBrowser.h in Headers */,
				48E1AB111900E6F300F99781 /* CDVCompass.h in Headers */,
				48E1AB201900E6F300F99781 /* CDVGlobalization.h in Headers */,
				48E1AB171900E6F300F99781 /* CDVContacts.h in Headers */,
				48E1AB2E1900E6F300F99781 /* CDVReachability.h in Headers */,
				48E1AB301900E6F300F99781 /* CDVSound.h in Headers */,
				48E1AAB81900E3DA00F99781 /* CDVLocalStorage.h in Headers */,
				48E1AB091900E6F300F99781 /* CDVAssetLibraryFilesystem.h in Headers */,
				48E1AAB11900E3DA00F99781 /* CDVConfigParser.h in Headers */,
				48E1AAD51900E3DA00F99781 /* UIDevice+Extensions.h in Headers */,
				48E1AAC51900E3DA00F99781 /* CDVUserAgentUtil.h in Headers */,
				48E1AAD31900E3DA00F99781 /* NSMutableArray+QueueAdditions.h in Headers */,
				48E1AABA1900E3DA00F99781 /* CDVPlugin.h in Headers */,
				48E1AB1B1900E6F300F99781 /* CDVExif.h in Headers */,
				48E1AB321900E6F300F99781 /* CDVSplashScreen.h in Headers */,
				48E1AABC1900E3DA00F99781 /* CDVPluginResult.h in Headers */,
				48E1AB1E1900E6F300F99781 /* CDVFileTransfer.h in Headers */,
				48E1AAC31900E3DA00F99781 /* CDVURLProtocol.h in Headers */,
				48E1AAAC1900E3DA00F99781 /* CDVCommandDelegate.h in Headers */,
				48E1AAB31900E3DA00F99781 /* CDVDebug.h in Headers */,
				48E1AB241900E6F300F99781 /* CDVJpegHeaderWriter.h in Headers */,
				48E1AAC11900E3DA00F99781 /* CDVTimer.h in Headers */,
				48E1AAAF1900E3DA00F99781 /* CDVCommandQueue.h in Headers */,
				48E1AB071900E6F300F99781 /* CDVAccelerometer.h in Headers */,
				48E1AAB41900E3DA00F99781 /* CDVInvokedUrlCommand.h in Headers */,
				48E1AB2C1900E6F300F99781 /* CDVNotification.h in Headers */,
				48E1AB261900E6F300F99781 /* CDVLocalFilesystem.h in Headers */,
				48E1AB131900E6F300F99781 /* CDVConnection.h in Headers */,
				48E1AB0F1900E6F300F99781 /* CDVCapture.h in Headers */,
				48E1AB0D1900E6F300F99781 /* CDVCamera.h in Headers */,
				48E1AB151900E6F300F99781 /* CDVContact.h in Headers */,
				48E1AABE1900E3DA00F99781 /* CDVScreenOrientationDelegate.h in Headers */,
				48E1AACB1900E3DA00F99781 /* CDVWhitelist.h in Headers */,
				48E1AAAA1900E3DA00F99781 /* CDV.h in Headers */,
				48E1AB0B1900E6F300F99781 /* CDVBattery.h in Headers */,
				48E1AB281900E6F300F99781 /* CDVLocation.h in Headers */,
				48E1AAC91900E3DA00F99781 /* CDVWebViewDelegate.h in Headers */,
				48E1AACF1900E3DA00F99781 /* NSData+Base64.h in Headers */,
				48E1AAAB1900E3DA00F99781 /* CDVAvailability.h in Headers */,
				48E1AB341900E6F300F99781 /* CDVVibration.h in Headers */,
				48E1AB361900E6F300F99781 /* CDVStatusBar.h in Headers */,
				48E1AB1C1900E6F300F99781 /* CDVFile.h in Headers */,
				48E1AAD11900E3DA00F99781 /* NSDictionary+Extensions.h in Headers */,
				48E1AAB61900E3DA00F99781 /* CDVJSON.h in Headers */,
				48E1AB2A1900E6F300F99781 /* CDVLogger.h in Headers */,
				48E1AABF1900E3DA00F99781 /* CDVShared.h in Headers */,
				48E1AB191900E6F300F99781 /* CDVDevice.h in Headers */,
				48E1AAC71900E3DA00F99781 /* CDVViewController.h in Headers */,
				48E1AACD1900E3DA00F99781 /* NSArray+Comparisons.h in Headers */,
				48E1AAAD1900E3DA00F99781 /* CDVCommandDelegateImpl.h in Headers */,
			);
			runOnlyForDeploymentPostprocessing = 0;
		};
/* End PBXHeadersBuildPhase section */

/* Begin PBXNativeTarget section */
		D2AAC07D0554694100DB518D /* CordovaLib */ = {
			isa = PBXNativeTarget;
			buildConfigurationList = 1DEB921E08733DC00010E9CD /* Build configuration list for PBXNativeTarget "CordovaLib" */;
			buildPhases = (
				D2AAC07A0554694100DB518D /* Headers */,
				D2AAC07B0554694100DB518D /* Sources */,
				D2AAC07C0554694100DB518D /* Frameworks */,
			);
			buildRules = (
			);
			dependencies = (
			);
			name = CordovaLib;
			productName = CordovaLib;
			productReference = 68A32D7114102E1C006B237C /* libCordova.a */;
			productType = "com.apple.product-type.library.static";
		};
/* End PBXNativeTarget section */

/* Begin PBXProject section */
		0867D690FE84028FC02AAC07 /* Project object */ = {
			isa = PBXProject;
			attributes = {
				LastSwiftMigration = 0700;
				LastUpgradeCheck = 0700;
			};
			buildConfigurationList = 1DEB922208733DC00010E9CD /* Build configuration list for PBXProject "CordovaLib" */;
			compatibilityVersion = "Xcode 3.2";
			developmentRegion = English;
			hasScannedForEncodings = 1;
			knownRegions = (
				English,
				Japanese,
				French,
				German,
				en,
			);
			mainGroup = 0867D691FE84028FC02AAC07 /* CordovaLib */;
			productRefGroup = 034768DFFF38A50411DB9C8B /* Products */;
			projectDirPath = "";
			projectRoot = "";
			targets = (
				D2AAC07D0554694100DB518D /* CordovaLib */,
			);
		};
/* End PBXProject section */

/* Begin PBXSourcesBuildPhase section */
		D2AAC07B0554694100DB518D /* Sources */ = {
			isa = PBXSourcesBuildPhase;
			buildActionMask = 2147483647;
			files = (
				48E1AAC81900E3DA00F99781 /* CDVViewController.m in Sources */,
				48E1AB0A1900E6F300F99781 /* CDVAssetLibraryFilesystem.m in Sources */,
				48E1AAD21900E3DA00F99781 /* NSDictionary+Extensions.m in Sources */,
				48E1AB161900E6F300F99781 /* CDVContact.m in Sources */,
				48E1AB2B1900E6F300F99781 /* CDVLogger.m in Sources */,
				48E1AB1D1900E6F300F99781 /* CDVFile.m in Sources */,
				48E1AAB21900E3DA00F99781 /* CDVConfigParser.m in Sources */,
				48E1AB231900E6F300F99781 /* CDVInAppBrowser.m in Sources */,
				48E1AAAE1900E3DA00F99781 /* CDVCommandDelegateImpl.m in Sources */,
				48E1AAD41900E3DA00F99781 /* NSMutableArray+QueueAdditions.m in Sources */,
				48E1AACA1900E3DA00F99781 /* CDVWebViewDelegate.m in Sources */,
				48E1AAB01900E3DA00F99781 /* CDVCommandQueue.m in Sources */,
				48E1AB181900E6F300F99781 /* CDVContacts.m in Sources */,
				48E1AAC41900E3DA00F99781 /* CDVURLProtocol.m in Sources */,
				48E1AB141900E6F300F99781 /* CDVConnection.m in Sources */,
				48E1AB251900E6F300F99781 /* CDVJpegHeaderWriter.m in Sources */,
				48E1AB1F1900E6F300F99781 /* CDVFileTransfer.m in Sources */,
				48E1AB311900E6F300F99781 /* CDVSound.m in Sources */,
				48E1AAB71900E3DA00F99781 /* CDVJSON.m in Sources */,
				48E1AAD01900E3DA00F99781 /* NSData+Base64.m in Sources */,
				48E1AB101900E6F300F99781 /* CDVCapture.m in Sources */,
				48E1AB351900E6F300F99781 /* CDVVibration.m in Sources */,
				48E1AB381900E6F300F99781 /* CDVStatusBar.m in Sources */,
				48E1AB271900E6F300F99781 /* CDVLocalFilesystem.m in Sources */,
				48E1AB0E1900E6F300F99781 /* CDVCamera.m in Sources */,
				48E1AB331900E6F300F99781 /* CDVSplashScreen.m in Sources */,
				48E1AB121900E6F300F99781 /* CDVCompass.m in Sources */,
				48E1AB211900E6F300F99781 /* CDVGlobalization.m in Sources */,
				48E1AABD1900E3DA00F99781 /* CDVPluginResult.m in Sources */,
				48E1AB2F1900E6F300F99781 /* CDVReachability.m in Sources */,
				48E1AB291900E6F300F99781 /* CDVLocation.m in Sources */,
				48E1AAC61900E3DA00F99781 /* CDVUserAgentUtil.m in Sources */,
				48E1AACE1900E3DA00F99781 /* NSArray+Comparisons.m in Sources */,
				48E1AACC1900E3DA00F99781 /* CDVWhitelist.m in Sources */,
				48E1AAB91900E3DA00F99781 /* CDVLocalStorage.m in Sources */,
				48E1AB1A1900E6F300F99781 /* CDVDevice.m in Sources */,
				48E1AABB1900E3DA00F99781 /* CDVPlugin.m in Sources */,
				48E1AAC21900E3DA00F99781 /* CDVTimer.m in Sources */,
				48E1AB0C1900E6F300F99781 /* CDVBattery.m in Sources */,
				48E1AAB51900E3DA00F99781 /* CDVInvokedUrlCommand.m in Sources */,
				48E1AB081900E6F300F99781 /* CDVAccelerometer.m in Sources */,
				48E1AB2D1900E6F300F99781 /* CDVNotification.m in Sources */,
				48E1AAD61900E3DA00F99781 /* UIDevice+Extensions.m in Sources */,
			);
			runOnlyForDeploymentPostprocessing = 0;
		};
/* End PBXSourcesBuildPhase section */

/* Begin XCBuildConfiguration section */
		1DEB921F08733DC00010E9CD /* Debug */ = {
			isa = XCBuildConfiguration;
			buildSettings = {
				ALWAYS_SEARCH_USER_PATHS = NO;
				"ARCHS[sdk=iphoneos*]" = (
					armv7,
					armv7s,
					arm64,
				);
				"ARCHS[sdk=iphoneos6.*]" = (
					armv7,
					armv7s,
				);
				"ARCHS[sdk=iphonesimulator*]" = (
					i386,
					x86_64,
				);
				CLANG_ENABLE_OBJC_ARC = YES;
				COPY_PHASE_STRIP = NO;
				DSTROOT = "/tmp/$(PROJECT_NAME).dst";
				GCC_DYNAMIC_NO_PIC = NO;
				GCC_MODEL_TUNING = G5;
				GCC_OPTIMIZATION_LEVEL = 0;
				GCC_PRECOMPILE_PREFIX_HEADER = YES;
				GCC_PREFIX_HEADER = CordovaLib_Prefix.pch;
				GCC_PREPROCESSOR_DEFINITIONS = "";
				GCC_THUMB_SUPPORT = NO;
				GCC_VERSION = com.apple.compilers.llvm.clang.1_0;
				INSTALL_PATH = /usr/local/lib;
				IPHONEOS_DEPLOYMENT_TARGET = 6.0;
				ONLY_ACTIVE_ARCH = NO;
				PRODUCT_NAME = Cordova;
				PUBLIC_HEADERS_FOLDER_PATH = include/Cordova;
				SKIP_INSTALL = YES;
				VALID_ARCHS = "i386 armv7 armv7s arm64 x86_64";
			};
			name = Debug;
		};
		1DEB922008733DC00010E9CD /* Release */ = {
			isa = XCBuildConfiguration;
			buildSettings = {
				ALWAYS_SEARCH_USER_PATHS = NO;
				"ARCHS[sdk=iphoneos*]" = (
					armv7,
					armv7s,
					arm64,
				);
				"ARCHS[sdk=iphoneos6.*]" = (
					armv7,
					armv7s,
				);
				"ARCHS[sdk=iphonesimulator*]" = (
					i386,
					x86_64,
				);
				CLANG_ENABLE_OBJC_ARC = YES;
				DSTROOT = "/tmp/$(PROJECT_NAME).dst";
				GCC_MODEL_TUNING = G5;
				GCC_PRECOMPILE_PREFIX_HEADER = YES;
				GCC_PREFIX_HEADER = CordovaLib_Prefix.pch;
				GCC_PREPROCESSOR_DEFINITIONS = "";
				GCC_THUMB_SUPPORT = NO;
				GCC_VERSION = com.apple.compilers.llvm.clang.1_0;
				INSTALL_PATH = /usr/local/lib;
				IPHONEOS_DEPLOYMENT_TARGET = 6.0;
				PRODUCT_NAME = Cordova;
				PUBLIC_HEADERS_FOLDER_PATH = include/Cordova;
				SKIP_INSTALL = YES;
				VALID_ARCHS = "i386 armv7 armv7s arm64 x86_64";
			};
			name = Release;
		};
		1DEB922308733DC00010E9CD /* Debug */ = {
			isa = XCBuildConfiguration;
			buildSettings = {
				"ARCHS[sdk=iphoneos*]" = (
					armv7,
					armv7s,
					arm64,
				);
				"ARCHS[sdk=iphoneos6.*]" = (
					armv7,
					armv7s,
				);
				"ARCHS[sdk=iphonesimulator*]" = (
					i386,
					x86_64,
				);
				CLANG_WARN_BOOL_CONVERSION = YES;
				CLANG_WARN_CONSTANT_CONVERSION = YES;
				CLANG_WARN_EMPTY_BODY = YES;
				CLANG_WARN_ENUM_CONVERSION = YES;
				CLANG_WARN_INT_CONVERSION = YES;
				CLANG_WARN_UNREACHABLE_CODE = YES;
				CLANG_WARN__DUPLICATE_METHOD_MATCH = YES;
				ENABLE_STRICT_OBJC_MSGSEND = YES;
				ENABLE_TESTABILITY = YES;
				GCC_C_LANGUAGE_STANDARD = c99;
				GCC_NO_COMMON_BLOCKS = YES;
				GCC_OPTIMIZATION_LEVEL = 0;
				GCC_PREPROCESSOR_DEFINITIONS = "";
				GCC_THUMB_SUPPORT = NO;
				GCC_VERSION = com.apple.compilers.llvm.clang.1_0;
				GCC_WARN_64_TO_32_BIT_CONVERSION = YES;
				GCC_WARN_ABOUT_RETURN_TYPE = YES;
				GCC_WARN_INHIBIT_ALL_WARNINGS = YES;
				GCC_WARN_UNDECLARED_SELECTOR = YES;
				GCC_WARN_UNINITIALIZED_AUTOS = YES;
				GCC_WARN_UNUSED_FUNCTION = YES;
				GCC_WARN_UNUSED_VARIABLE = YES;
				IPHONEOS_DEPLOYMENT_TARGET = 6.0;
				ONLY_ACTIVE_ARCH = YES;
				OTHER_CFLAGS = "-DDEBUG";
				PUBLIC_HEADERS_FOLDER_PATH = include/Cordova;
				SDKROOT = iphoneos;
				SKIP_INSTALL = YES;
				TARGETED_DEVICE_FAMILY = "1,2";
				USER_HEADER_SEARCH_PATHS = "";
				VALID_ARCHS = "i386 armv7 armv7s arm64 x86_64";
			};
			name = Debug;
		};
		1DEB922408733DC00010E9CD /* Release */ = {
			isa = XCBuildConfiguration;
			buildSettings = {
				"ARCHS[sdk=iphoneos*]" = (
					armv7,
					armv7s,
					arm64,
				);
				"ARCHS[sdk=iphoneos6.*]" = (
					armv7,
					armv7s,
				);
				"ARCHS[sdk=iphonesimulator*]" = (
					i386,
					x86_64,
				);
				CLANG_WARN_BOOL_CONVERSION = YES;
				CLANG_WARN_CONSTANT_CONVERSION = YES;
				CLANG_WARN_EMPTY_BODY = YES;
				CLANG_WARN_ENUM_CONVERSION = YES;
				CLANG_WARN_INT_CONVERSION = YES;
				CLANG_WARN_UNREACHABLE_CODE = YES;
				CLANG_WARN__DUPLICATE_METHOD_MATCH = YES;
				ENABLE_STRICT_OBJC_MSGSEND = YES;
				GCC_C_LANGUAGE_STANDARD = c99;
				GCC_NO_COMMON_BLOCKS = YES;
				GCC_PREPROCESSOR_DEFINITIONS = "";
				GCC_THUMB_SUPPORT = NO;
				GCC_VERSION = com.apple.compilers.llvm.clang.1_0;
				GCC_WARN_64_TO_32_BIT_CONVERSION = YES;
				GCC_WARN_ABOUT_RETURN_TYPE = YES;
				GCC_WARN_INHIBIT_ALL_WARNINGS = YES;
				GCC_WARN_UNDECLARED_SELECTOR = YES;
				GCC_WARN_UNINITIALIZED_AUTOS = YES;
				GCC_WARN_UNUSED_FUNCTION = YES;
				GCC_WARN_UNUSED_VARIABLE = YES;
				IPHONEOS_DEPLOYMENT_TARGET = 6.0;
				"IPHONEOS_DEPLOYMENT_TARGET[sdk=iphoneos6.*]" = 5.1.1;
				ONLY_ACTIVE_ARCH = NO;
				PUBLIC_HEADERS_FOLDER_PATH = include/Cordova;
				SDKROOT = iphoneos;
				SKIP_INSTALL = YES;
				TARGETED_DEVICE_FAMILY = "1,2";
				VALID_ARCHS = "i386 armv7 armv7s arm64 x86_64";
			};
			name = Release;
		};
		D49F617A16FCF6A0008F4943 /* Distribution */ = {
			isa = XCBuildConfiguration;
			buildSettings = {
				"ARCHS[sdk=iphoneos*]" = (
					armv7,
					armv7s,
					arm64,
				);
				"ARCHS[sdk=iphoneos6.*]" = (
					armv7,
					armv7s,
				);
				"ARCHS[sdk=iphonesimulator*]" = (
					i386,
					x86_64,
				);
				CLANG_WARN_BOOL_CONVERSION = YES;
				CLANG_WARN_EMPTY_BODY = YES;
				CLANG_WARN_UNREACHABLE_CODE = YES;
				ENABLE_STRICT_OBJC_MSGSEND = YES;
				GCC_C_LANGUAGE_STANDARD = c99;
				GCC_NO_COMMON_BLOCKS = YES;
				GCC_PREPROCESSOR_DEFINITIONS = "";
				GCC_THUMB_SUPPORT = NO;
				GCC_VERSION = com.apple.compilers.llvm.clang.1_0;
				GCC_WARN_64_TO_32_BIT_CONVERSION = YES;
				GCC_WARN_ABOUT_RETURN_TYPE = YES;
				GCC_WARN_INHIBIT_ALL_WARNINGS = YES;
				GCC_WARN_UNDECLARED_SELECTOR = YES;
				GCC_WARN_UNUSED_FUNCTION = YES;
				GCC_WARN_UNUSED_VARIABLE = YES;
				IPHONEOS_DEPLOYMENT_TARGET = 6.0;
				ONLY_ACTIVE_ARCH = NO;
				PUBLIC_HEADERS_FOLDER_PATH = include/Cordova;
				SDKROOT = iphoneos;
				SKIP_INSTALL = YES;
				TARGETED_DEVICE_FAMILY = "1,2";
				VALID_ARCHS = "i386 armv7 armv7s arm64 x86_64";
			};
			name = Distribution;
		};
		D49F617B16FCF6A0008F4943 /* Distribution */ = {
			isa = XCBuildConfiguration;
			buildSettings = {
				ALWAYS_SEARCH_USER_PATHS = NO;
				"ARCHS[sdk=*]" = armv7;
				"ARCHS[sdk=iphoneos*]" = (
					armv7,
					armv7s,
					arm64,
				);
				"ARCHS[sdk=iphoneos6.*]" = (
					armv7,
					armv7s,
				);
				"ARCHS[sdk=iphonesimulator*]" = i386;
				CLANG_ENABLE_OBJC_ARC = YES;
				DSTROOT = "/tmp/$(PROJECT_NAME).dst";
				GCC_MODEL_TUNING = G5;
				GCC_PRECOMPILE_PREFIX_HEADER = YES;
				GCC_PREFIX_HEADER = CordovaLib_Prefix.pch;
				GCC_PREPROCESSOR_DEFINITIONS = "";
				GCC_THUMB_SUPPORT = NO;
				GCC_VERSION = com.apple.compilers.llvm.clang.1_0;
				INSTALL_PATH = /usr/local/lib;
				IPHONEOS_DEPLOYMENT_TARGET = 6.0;
				PRODUCT_NAME = Cordova;
				PUBLIC_HEADERS_FOLDER_PATH = include/Cordova;
				SKIP_INSTALL = YES;
				VALID_ARCHS = "i386 armv7 armv7s arm64 x86_64";
			};
			name = Distribution;
		};
/* End XCBuildConfiguration section */

/* Begin XCConfigurationList section */
		1DEB921E08733DC00010E9CD /* Build configuration list for PBXNativeTarget "CordovaLib" */ = {
			isa = XCConfigurationList;
			buildConfigurations = (
				1DEB921F08733DC00010E9CD /* Debug */,
				1DEB922008733DC00010E9CD /* Release */,
				D49F617B16FCF6A0008F4943 /* Distribution */,
			);
			defaultConfigurationIsVisible = 0;
			defaultConfigurationName = Release;
		};
		1DEB922208733DC00010E9CD /* Build configuration list for PBXProject "CordovaLib" */ = {
			isa = XCConfigurationList;
			buildConfigurations = (
				1DEB922308733DC00010E9CD /* Debug */,
				1DEB922408733DC00010E9CD /* Release */,
				D49F617A16FCF6A0008F4943 /* Distribution */,
			);
			defaultConfigurationIsVisible = 0;
			defaultConfigurationName = Release;
		};
/* End XCConfigurationList section */
	};
	rootObject = 0867D690FE84028FC02AAC07 /* Project object */;
}
